// !$*UTF8*$!
{
	archiveVersion = 1;
	classes = {
	};
	objectVersion = 50;
	objects = {

/* Begin PBXBuildFile section */
		5E1C656B258C20BE0066DAB7 /* DaysApp.swift in Sources */ = {isa = PBXBuildFile; fileRef = 5E1C656A258C20BE0066DAB7 /* DaysApp.swift */; };
		5E1C656D258C20BE0066DAB7 /* ContentView.swift in Sources */ = {isa = PBXBuildFile; fileRef = 5E1C656C258C20BE0066DAB7 /* ContentView.swift */; };
		5E1C656F258C20BF0066DAB7 /* Assets.xcassets in Resources */ = {isa = PBXBuildFile; fileRef = 5E1C656E258C20BF0066DAB7 /* Assets.xcassets */; };
		5E1C6572258C20BF0066DAB7 /* Preview Assets.xcassets in Resources */ = {isa = PBXBuildFile; fileRef = 5E1C6571258C20BF0066DAB7 /* Preview Assets.xcassets */; };
		5E1C6574258C20BF0066DAB7 /* Persistence.swift in Sources */ = {isa = PBXBuildFile; fileRef = 5E1C6573258C20BF0066DAB7 /* Persistence.swift */; };
		5E1C6577258C20BF0066DAB7 /* Days.xcdatamodeld in Sources */ = {isa = PBXBuildFile; fileRef = 5E1C6575258C20BF0066DAB7 /* Days.xcdatamodeld */; };
		5E1C6582258C20C00066DAB7 /* DaysTests.swift in Sources */ = {isa = PBXBuildFile; fileRef = 5E1C6581258C20C00066DAB7 /* DaysTests.swift */; };
		5E1C658D258C20C00066DAB7 /* DaysUITests.swift in Sources */ = {isa = PBXBuildFile; fileRef = 5E1C658C258C20C00066DAB7 /* DaysUITests.swift */; };
		5E5EDC3625A7D40700E383ED /* TextEditView.swift in Sources */ = {isa = PBXBuildFile; fileRef = 5E5EDC3525A7D40700E383ED /* TextEditView.swift */; };
		5E8DC7C925AACC2E00E56B18 /* ImagePicker.swift in Sources */ = {isa = PBXBuildFile; fileRef = 5E8DC7C825AACC2E00E56B18 /* ImagePicker.swift */; };
		5E8DC7D125AAE5C100E56B18 /* ItemView.swift in Sources */ = {isa = PBXBuildFile; fileRef = 5E8DC7D025AAE5C100E56B18 /* ItemView.swift */; };
		5E8DC7D625AAE90E00E56B18 /* DateExtension.swift in Sources */ = {isa = PBXBuildFile; fileRef = 5E8DC7D525AAE90E00E56B18 /* DateExtension.swift */; };
/* End PBXBuildFile section */

/* Begin PBXContainerItemProxy section */
		5E1C657E258C20C00066DAB7 /* PBXContainerItemProxy */ = {
			isa = PBXContainerItemProxy;
			containerPortal = 5E1C655F258C20BE0066DAB7 /* Project object */;
			proxyType = 1;
			remoteGlobalIDString = 5E1C6566258C20BE0066DAB7;
			remoteInfo = Days;
		};
		5E1C6589258C20C00066DAB7 /* PBXContainerItemProxy */ = {
			isa = PBXContainerItemProxy;
			containerPortal = 5E1C655F258C20BE0066DAB7 /* Project object */;
			proxyType = 1;
			remoteGlobalIDString = 5E1C6566258C20BE0066DAB7;
			remoteInfo = Days;
		};
/* End PBXContainerItemProxy section */

/* Begin PBXFileReference section */
		5E1C6567258C20BE0066DAB7 /* Days.app */ = {isa = PBXFileReference; explicitFileType = wrapper.application; includeInIndex = 0; path = Days.app; sourceTree = BUILT_PRODUCTS_DIR; };
		5E1C656A258C20BE0066DAB7 /* DaysApp.swift */ = {isa = PBXFileReference; lastKnownFileType = sourcecode.swift; path = DaysApp.swift; sourceTree = "<group>"; };
		5E1C656C258C20BE0066DAB7 /* ContentView.swift */ = {isa = PBXFileReference; lastKnownFileType = sourcecode.swift; path = ContentView.swift; sourceTree = "<group>"; };
		5E1C656E258C20BF0066DAB7 /* Assets.xcassets */ = {isa = PBXFileReference; lastKnownFileType = folder.assetcatalog; path = Assets.xcassets; sourceTree = "<group>"; };
		5E1C6571258C20BF0066DAB7 /* Preview Assets.xcassets */ = {isa = PBXFileReference; lastKnownFileType = folder.assetcatalog; path = "Preview Assets.xcassets"; sourceTree = "<group>"; };
		5E1C6573258C20BF0066DAB7 /* Persistence.swift */ = {isa = PBXFileReference; lastKnownFileType = sourcecode.swift; path = Persistence.swift; sourceTree = "<group>"; };
		5E1C6576258C20BF0066DAB7 /* Days.xcdatamodel */ = {isa = PBXFileReference; lastKnownFileType = wrapper.xcdatamodel; path = Days.xcdatamodel; sourceTree = "<group>"; };
		5E1C6578258C20BF0066DAB7 /* Info.plist */ = {isa = PBXFileReference; lastKnownFileType = text.plist.xml; path = Info.plist; sourceTree = "<group>"; };
		5E1C657D258C20C00066DAB7 /* DaysTests.xctest */ = {isa = PBXFileReference; explicitFileType = wrapper.cfbundle; includeInIndex = 0; path = DaysTests.xctest; sourceTree = BUILT_PRODUCTS_DIR; };
		5E1C6581258C20C00066DAB7 /* DaysTests.swift */ = {isa = PBXFileReference; lastKnownFileType = sourcecode.swift; path = DaysTests.swift; sourceTree = "<group>"; };
		5E1C6583258C20C00066DAB7 /* Info.plist */ = {isa = PBXFileReference; lastKnownFileType = text.plist.xml; path = Info.plist; sourceTree = "<group>"; };
		5E1C6588258C20C00066DAB7 /* DaysUITests.xctest */ = {isa = PBXFileReference; explicitFileType = wrapper.cfbundle; includeInIndex = 0; path = DaysUITests.xctest; sourceTree = BUILT_PRODUCTS_DIR; };
		5E1C658C258C20C00066DAB7 /* DaysUITests.swift */ = {isa = PBXFileReference; lastKnownFileType = sourcecode.swift; path = DaysUITests.swift; sourceTree = "<group>"; };
		5E1C658E258C20C00066DAB7 /* Info.plist */ = {isa = PBXFileReference; lastKnownFileType = text.plist.xml; path = Info.plist; sourceTree = "<group>"; };
		5E5EDC3525A7D40700E383ED /* TextEditView.swift */ = {isa = PBXFileReference; lastKnownFileType = sourcecode.swift; path = TextEditView.swift; sourceTree = "<group>"; };
		5E8DC7C825AACC2E00E56B18 /* ImagePicker.swift */ = {isa = PBXFileReference; lastKnownFileType = sourcecode.swift; path = ImagePicker.swift; sourceTree = "<group>"; };
		5E8DC7D025AAE5C100E56B18 /* ItemView.swift */ = {isa = PBXFileReference; lastKnownFileType = sourcecode.swift; path = ItemView.swift; sourceTree = "<group>"; };
		5E8DC7D525AAE90E00E56B18 /* DateExtension.swift */ = {isa = PBXFileReference; lastKnownFileType = sourcecode.swift; path = DateExtension.swift; sourceTree = "<group>"; };
/* End PBXFileReference section */

/* Begin PBXFrameworksBuildPhase section */
		5E1C6564258C20BE0066DAB7 /* Frameworks */ = {
			isa = PBXFrameworksBuildPhase;
			buildActionMask = 2147483647;
			files = (
			);
			runOnlyForDeploymentPostprocessing = 0;
		};
		5E1C657A258C20C00066DAB7 /* Frameworks */ = {
			isa = PBXFrameworksBuildPhase;
			buildActionMask = 2147483647;
			files = (
			);
			runOnlyForDeploymentPostprocessing = 0;
		};
		5E1C6585258C20C00066DAB7 /* Frameworks */ = {
			isa = PBXFrameworksBuildPhase;
			buildActionMask = 2147483647;
			files = (
			);
			runOnlyForDeploymentPostprocessing = 0;
		};
/* End PBXFrameworksBuildPhase section */

/* Begin PBXGroup section */
		5E1C655E258C20BE0066DAB7 = {
			isa = PBXGroup;
			children = (
				5E1C6569258C20BE0066DAB7 /* Days */,
				5E1C6580258C20C00066DAB7 /* DaysTests */,
				5E1C658B258C20C00066DAB7 /* DaysUITests */,
				5E1C6568258C20BE0066DAB7 /* Products */,
			);
			sourceTree = "<group>";
		};
		5E1C6568258C20BE0066DAB7 /* Products */ = {
			isa = PBXGroup;
			children = (
				5E1C6567258C20BE0066DAB7 /* Days.app */,
				5E1C657D258C20C00066DAB7 /* DaysTests.xctest */,
				5E1C6588258C20C00066DAB7 /* DaysUITests.xctest */,
			);
			name = Products;
			sourceTree = "<group>";
		};
		5E1C6569258C20BE0066DAB7 /* Days */ = {
			isa = PBXGroup;
			children = (
				5E1C656A258C20BE0066DAB7 /* DaysApp.swift */,
				5E1C656C258C20BE0066DAB7 /* ContentView.swift */,
				5E1C656E258C20BF0066DAB7 /* Assets.xcassets */,
				5E1C6573258C20BF0066DAB7 /* Persistence.swift */,
				5E1C6578258C20BF0066DAB7 /* Info.plist */,
				5E1C6575258C20BF0066DAB7 /* Days.xcdatamodeld */,
				5E1C6570258C20BF0066DAB7 /* Preview Content */,
				5E5EDC3525A7D40700E383ED /* TextEditView.swift */,
				5E8DC7C825AACC2E00E56B18 /* ImagePicker.swift */,
				5E8DC7D025AAE5C100E56B18 /* ItemView.swift */,
				5E8DC7D525AAE90E00E56B18 /* DateExtension.swift */,
			);
			path = Days;
			sourceTree = "<group>";
		};
		5E1C6570258C20BF0066DAB7 /* Preview Content */ = {
			isa = PBXGroup;
			children = (
				5E1C6571258C20BF0066DAB7 /* Preview Assets.xcassets */,
			);
			path = "Preview Content";
			sourceTree = "<group>";
		};
		5E1C6580258C20C00066DAB7 /* DaysTests */ = {
			isa = PBXGroup;
			children = (
				5E1C6581258C20C00066DAB7 /* DaysTests.swift */,
				5E1C6583258C20C00066DAB7 /* Info.plist */,
			);
			path = DaysTests;
			sourceTree = "<group>";
		};
		5E1C658B258C20C00066DAB7 /* DaysUITests */ = {
			isa = PBXGroup;
			children = (
				5E1C658C258C20C00066DAB7 /* DaysUITests.swift */,
				5E1C658E258C20C00066DAB7 /* Info.plist */,
			);
			path = DaysUITests;
			sourceTree = "<group>";
		};
/* End PBXGroup section */

/* Begin PBXNativeTarget section */
		5E1C6566258C20BE0066DAB7 /* Days */ = {
			isa = PBXNativeTarget;
			buildConfigurationList = 5E1C6591258C20C00066DAB7 /* Build configuration list for PBXNativeTarget "Days" */;
			buildPhases = (
				5E1C6563258C20BE0066DAB7 /* Sources */,
				5E1C6564258C20BE0066DAB7 /* Frameworks */,
				5E1C6565258C20BE0066DAB7 /* Resources */,
			);
			buildRules = (
			);
			dependencies = (
			);
			name = Days;
			productName = Days;
			productReference = 5E1C6567258C20BE0066DAB7 /* Days.app */;
			productType = "com.apple.product-type.application";
		};
		5E1C657C258C20C00066DAB7 /* DaysTests */ = {
			isa = PBXNativeTarget;
			buildConfigurationList = 5E1C6594258C20C00066DAB7 /* Build configuration list for PBXNativeTarget "DaysTests" */;
			buildPhases = (
				5E1C6579258C20C00066DAB7 /* Sources */,
				5E1C657A258C20C00066DAB7 /* Frameworks */,
				5E1C657B258C20C00066DAB7 /* Resources */,
			);
			buildRules = (
			);
			dependencies = (
				5E1C657F258C20C00066DAB7 /* PBXTargetDependency */,
			);
			name = DaysTests;
			productName = DaysTests;
			productReference = 5E1C657D258C20C00066DAB7 /* DaysTests.xctest */;
			productType = "com.apple.product-type.bundle.unit-test";
		};
		5E1C6587258C20C00066DAB7 /* DaysUITests */ = {
			isa = PBXNativeTarget;
			buildConfigurationList = 5E1C6597258C20C00066DAB7 /* Build configuration list for PBXNativeTarget "DaysUITests" */;
			buildPhases = (
				5E1C6584258C20C00066DAB7 /* Sources */,
				5E1C6585258C20C00066DAB7 /* Frameworks */,
				5E1C6586258C20C00066DAB7 /* Resources */,
			);
			buildRules = (
			);
			dependencies = (
				5E1C658A258C20C00066DAB7 /* PBXTargetDependency */,
			);
			name = DaysUITests;
			productName = DaysUITests;
			productReference = 5E1C6588258C20C00066DAB7 /* DaysUITests.xctest */;
			productType = "com.apple.product-type.bundle.ui-testing";
		};
/* End PBXNativeTarget section */

/* Begin PBXProject section */
		5E1C655F258C20BE0066DAB7 /* Project object */ = {
			isa = PBXProject;
			attributes = {
				LastSwiftUpdateCheck = 1230;
				LastUpgradeCheck = 1230;
				TargetAttributes = {
					5E1C6566258C20BE0066DAB7 = {
						CreatedOnToolsVersion = 12.3;
					};
					5E1C657C258C20C00066DAB7 = {
						CreatedOnToolsVersion = 12.3;
						TestTargetID = 5E1C6566258C20BE0066DAB7;
					};
					5E1C6587258C20C00066DAB7 = {
						CreatedOnToolsVersion = 12.3;
						TestTargetID = 5E1C6566258C20BE0066DAB7;
					};
				};
			};
			buildConfigurationList = 5E1C6562258C20BE0066DAB7 /* Build configuration list for PBXProject "Days" */;
			compatibilityVersion = "Xcode 9.3";
			developmentRegion = en;
			hasScannedForEncodings = 0;
			knownRegions = (
				en,
				Base,
			);
			mainGroup = 5E1C655E258C20BE0066DAB7;
			productRefGroup = 5E1C6568258C20BE0066DAB7 /* Products */;
			projectDirPath = "";
			projectRoot = "";
			targets = (
				5E1C6566258C20BE0066DAB7 /* Days */,
				5E1C657C258C20C00066DAB7 /* DaysTests */,
				5E1C6587258C20C00066DAB7 /* DaysUITests */,
			);
		};
/* End PBXProject section */

/* Begin PBXResourcesBuildPhase section */
		5E1C6565258C20BE0066DAB7 /* Resources */ = {
			isa = PBXResourcesBuildPhase;
			buildActionMask = 2147483647;
			files = (
				5E1C6572258C20BF0066DAB7 /* Preview Assets.xcassets in Resources */,
				5E1C656F258C20BF0066DAB7 /* Assets.xcassets in Resources */,
			);
			runOnlyForDeploymentPostprocessing = 0;
		};
		5E1C657B258C20C00066DAB7 /* Resources */ = {
			isa = PBXResourcesBuildPhase;
			buildActionMask = 2147483647;
			files = (
			);
			runOnlyForDeploymentPostprocessing = 0;
		};
		5E1C6586258C20C00066DAB7 /* Resources */ = {
			isa = PBXResourcesBuildPhase;
			buildActionMask = 2147483647;
			files = (
			);
			runOnlyForDeploymentPostprocessing = 0;
		};
/* End PBXResourcesBuildPhase section */

/* Begin PBXSourcesBuildPhase section */
		5E1C6563258C20BE0066DAB7 /* Sources */ = {
			isa = PBXSourcesBuildPhase;
			buildActionMask = 2147483647;
			files = (
				5E1C6574258C20BF0066DAB7 /* Persistence.swift in Sources */,
				5E8DC7D625AAE90E00E56B18 /* DateExtension.swift in Sources */,
				5E1C656D258C20BE0066DAB7 /* ContentView.swift in Sources */,
				5E1C6577258C20BF0066DAB7 /* Days.xcdatamodeld in Sources */,
				5E8DC7C925AACC2E00E56B18 /* ImagePicker.swift in Sources */,
				5E8DC7D125AAE5C100E56B18 /* ItemView.swift in Sources */,
				5E1C656B258C20BE0066DAB7 /* DaysApp.swift in Sources */,
				5E5EDC3625A7D40700E383ED /* TextEditView.swift in Sources */,
			);
			runOnlyForDeploymentPostprocessing = 0;
		};
		5E1C6579258C20C00066DAB7 /* Sources */ = {
			isa = PBXSourcesBuildPhase;
			buildActionMask = 2147483647;
			files = (
				5E1C6582258C20C00066DAB7 /* DaysTests.swift in Sources */,
			);
			runOnlyForDeploymentPostprocessing = 0;
		};
		5E1C6584258C20C00066DAB7 /* Sources */ = {
			isa = PBXSourcesBuildPhase;
			buildActionMask = 2147483647;
			files = (
				5E1C658D258C20C00066DAB7 /* DaysUITests.swift in Sources */,
			);
			runOnlyForDeploymentPostprocessing = 0;
		};
/* End PBXSourcesBuildPhase section */

/* Begin PBXTargetDependency section */
		5E1C657F258C20C00066DAB7 /* PBXTargetDependency */ = {
			isa = PBXTargetDependency;
			target = 5E1C6566258C20BE0066DAB7 /* Days */;
			targetProxy = 5E1C657E258C20C00066DAB7 /* PBXContainerItemProxy */;
		};
		5E1C658A258C20C00066DAB7 /* PBXTargetDependency */ = {
			isa = PBXTargetDependency;
			target = 5E1C6566258C20BE0066DAB7 /* Days */;
			targetProxy = 5E1C6589258C20C00066DAB7 /* PBXContainerItemProxy */;
		};
/* End PBXTargetDependency section */

/* Begin XCBuildConfiguration section */
		5E1C658F258C20C00066DAB7 /* Debug */ = {
			isa = XCBuildConfiguration;
			buildSettings = {
				ALWAYS_SEARCH_USER_PATHS = NO;
				CLANG_ANALYZER_NONNULL = YES;
				CLANG_ANALYZER_NUMBER_OBJECT_CONVERSION = YES_AGGRESSIVE;
				CLANG_CXX_LANGUAGE_STANDARD = "gnu++14";
				CLANG_CXX_LIBRARY = "libc++";
				CLANG_ENABLE_MODULES = YES;
				CLANG_ENABLE_OBJC_ARC = YES;
				CLANG_ENABLE_OBJC_WEAK = YES;
				CLANG_WARN_BLOCK_CAPTURE_AUTORELEASING = YES;
				CLANG_WARN_BOOL_CONVERSION = YES;
				CLANG_WARN_COMMA = YES;
				CLANG_WARN_CONSTANT_CONVERSION = YES;
				CLANG_WARN_DEPRECATED_OBJC_IMPLEMENTATIONS = YES;
				CLANG_WARN_DIRECT_OBJC_ISA_USAGE = YES_ERROR;
				CLANG_WARN_DOCUMENTATION_COMMENTS = YES;
				CLANG_WARN_EMPTY_BODY = YES;
				CLANG_WARN_ENUM_CONVERSION = YES;
				CLANG_WARN_INFINITE_RECURSION = YES;
				CLANG_WARN_INT_CONVERSION = YES;
				CLANG_WARN_NON_LITERAL_NULL_CONVERSION = YES;
				CLANG_WARN_OBJC_IMPLICIT_RETAIN_SELF = YES;
				CLANG_WARN_OBJC_LITERAL_CONVERSION = YES;
				CLANG_WARN_OBJC_ROOT_CLASS = YES_ERROR;
				CLANG_WARN_QUOTED_INCLUDE_IN_FRAMEWORK_HEADER = YES;
				CLANG_WARN_RANGE_LOOP_ANALYSIS = YES;
				CLANG_WARN_STRICT_PROTOTYPES = YES;
				CLANG_WARN_SUSPICIOUS_MOVE = YES;
				CLANG_WARN_UNGUARDED_AVAILABILITY = YES_AGGRESSIVE;
				CLANG_WARN_UNREACHABLE_CODE = YES;
				CLANG_WARN__DUPLICATE_METHOD_MATCH = YES;
				COPY_PHASE_STRIP = NO;
				DEBUG_INFORMATION_FORMAT = dwarf;
				ENABLE_STRICT_OBJC_MSGSEND = YES;
				ENABLE_TESTABILITY = YES;
				GCC_C_LANGUAGE_STANDARD = gnu11;
				GCC_DYNAMIC_NO_PIC = NO;
				GCC_NO_COMMON_BLOCKS = YES;
				GCC_OPTIMIZATION_LEVEL = 0;
				GCC_PREPROCESSOR_DEFINITIONS = (
					"DEBUG=1",
					"$(inherited)",
				);
				GCC_WARN_64_TO_32_BIT_CONVERSION = YES;
				GCC_WARN_ABOUT_RETURN_TYPE = YES_ERROR;
				GCC_WARN_UNDECLARED_SELECTOR = YES;
				GCC_WARN_UNINITIALIZED_AUTOS = YES_AGGRESSIVE;
				GCC_WARN_UNUSED_FUNCTION = YES;
				GCC_WARN_UNUSED_VARIABLE = YES;
				IPHONEOS_DEPLOYMENT_TARGET = 14.3;
				MTL_ENABLE_DEBUG_INFO = INCLUDE_SOURCE;
				MTL_FAST_MATH = YES;
				ONLY_ACTIVE_ARCH = YES;
				SDKROOT = iphoneos;
				SWIFT_ACTIVE_COMPILATION_CONDITIONS = DEBUG;
				SWIFT_OPTIMIZATION_LEVEL = "-Onone";
			};
			name = Debug;
		};
		5E1C6590258C20C00066DAB7 /* Release */ = {
			isa = XCBuildConfiguration;
			buildSettings = {
				ALWAYS_SEARCH_USER_PATHS = NO;
				CLANG_ANALYZER_NONNULL = YES;
				CLANG_ANALYZER_NUMBER_OBJECT_CONVERSION = YES_AGGRESSIVE;
				CLANG_CXX_LANGUAGE_STANDARD = "gnu++14";
				CLANG_CXX_LIBRARY = "libc++";
				CLANG_ENABLE_MODULES = YES;
				CLANG_ENABLE_OBJC_ARC = YES;
				CLANG_ENABLE_OBJC_WEAK = YES;
				CLANG_WARN_BLOCK_CAPTURE_AUTORELEASING = YES;
				CLANG_WARN_BOOL_CONVERSION = YES;
				CLANG_WARN_COMMA = YES;
				CLANG_WARN_CONSTANT_CONVERSION = YES;
				CLANG_WARN_DEPRECATED_OBJC_IMPLEMENTATIONS = YES;
				CLANG_WARN_DIRECT_OBJC_ISA_USAGE = YES_ERROR;
				CLANG_WARN_DOCUMENTATION_COMMENTS = YES;
				CLANG_WARN_EMPTY_BODY = YES;
				CLANG_WARN_ENUM_CONVERSION = YES;
				CLANG_WARN_INFINITE_RECURSION = YES;
				CLANG_WARN_INT_CONVERSION = YES;
				CLANG_WARN_NON_LITERAL_NULL_CONVERSION = YES;
				CLANG_WARN_OBJC_IMPLICIT_RETAIN_SELF = YES;
				CLANG_WARN_OBJC_LITERAL_CONVERSION = YES;
				CLANG_WARN_OBJC_ROOT_CLASS = YES_ERROR;
				CLANG_WARN_QUOTED_INCLUDE_IN_FRAMEWORK_HEADER = YES;
				CLANG_WARN_RANGE_LOOP_ANALYSIS = YES;
				CLANG_WARN_STRICT_PROTOTYPES = YES;
				CLANG_WARN_SUSPICIOUS_MOVE = YES;
				CLANG_WARN_UNGUARDED_AVAILABILITY = YES_AGGRESSIVE;
				CLANG_WARN_UNREACHABLE_CODE = YES;
				CLANG_WARN__DUPLICATE_METHOD_MATCH = YES;
				COPY_PHASE_STRIP = NO;
				DEBUG_INFORMATION_FORMAT = "dwarf-with-dsym";
				ENABLE_NS_ASSERTIONS = NO;
				ENABLE_STRICT_OBJC_MSGSEND = YES;
				GCC_C_LANGUAGE_STANDARD = gnu11;
				GCC_NO_COMMON_BLOCKS = YES;
				GCC_WARN_64_TO_32_BIT_CONVERSION = YES;
				GCC_WARN_ABOUT_RETURN_TYPE = YES_ERROR;
				GCC_WARN_UNDECLARED_SELECTOR = YES;
				GCC_WARN_UNINITIALIZED_AUTOS = YES_AGGRESSIVE;
				GCC_WARN_UNUSED_FUNCTION = YES;
				GCC_WARN_UNUSED_VARIABLE = YES;
				IPHONEOS_DEPLOYMENT_TARGET = 14.3;
				MTL_ENABLE_DEBUG_INFO = NO;
				MTL_FAST_MATH = YES;
				SDKROOT = iphoneos;
				SWIFT_COMPILATION_MODE = wholemodule;
				SWIFT_OPTIMIZATION_LEVEL = "-O";
				VALIDATE_PRODUCT = YES;
			};
			name = Release;
		};
		5E1C6592258C20C00066DAB7 /* Debug */ = {
			isa = XCBuildConfiguration;
			buildSettings = {
				ASSETCATALOG_COMPILER_APPICON_NAME = AppIcon;
				ASSETCATALOG_COMPILER_GLOBAL_ACCENT_COLOR_NAME = AccentColor;
				CODE_SIGN_IDENTITY = "Apple Development";
				CODE_SIGN_STYLE = Automatic;
				CURRENT_PROJECT_VERSION = 4;
				DEVELOPMENT_ASSET_PATHS = "\"Days/Preview Content\"";
				DEVELOPMENT_TEAM = QMWX3X2NF7;
				ENABLE_PREVIEWS = YES;
				INFOPLIST_FILE = Days/Info.plist;
				IPHONEOS_DEPLOYMENT_TARGET = 14.0;
				LD_RUNPATH_SEARCH_PATHS = (
					"$(inherited)",
					"@executable_path/Frameworks",
				);
				MARKETING_VERSION = 0.0.1;
				PRODUCT_BUNDLE_IDENTIFIER = jiaqifeng.days;
				PRODUCT_NAME = "$(TARGET_NAME)";
				PROVISIONING_PROFILE_SPECIFIER = "";
				SWIFT_VERSION = 5.0;
				TARGETED_DEVICE_FAMILY = 1;
			};
			name = Debug;
		};
		5E1C6593258C20C00066DAB7 /* Release */ = {
			isa = XCBuildConfiguration;
			buildSettings = {
				ASSETCATALOG_COMPILER_APPICON_NAME = AppIcon;
				ASSETCATALOG_COMPILER_GLOBAL_ACCENT_COLOR_NAME = AccentColor;
				CODE_SIGN_IDENTITY = "Apple Development";
				CODE_SIGN_STYLE = Automatic;
				CURRENT_PROJECT_VERSION = 4;
				DEVELOPMENT_ASSET_PATHS = "\"Days/Preview Content\"";
				DEVELOPMENT_TEAM = QMWX3X2NF7;
				ENABLE_PREVIEWS = YES;
				INFOPLIST_FILE = Days/Info.plist;
				IPHONEOS_DEPLOYMENT_TARGET = 14.0;
				LD_RUNPATH_SEARCH_PATHS = (
					"$(inherited)",
					"@executable_path/Frameworks",
				);
				MARKETING_VERSION = 0.0.1;
				PRODUCT_BUNDLE_IDENTIFIER = jiaqifeng.days;
				PRODUCT_NAME = "$(TARGET_NAME)";
				PROVISIONING_PROFILE_SPECIFIER = "";
				SWIFT_VERSION = 5.0;
				TARGETED_DEVICE_FAMILY = 1;
			};
			name = Release;
		};
		5E1C6595258C20C00066DAB7 /* Debug */ = {
			isa = XCBuildConfiguration;
			buildSettings = {
				ALWAYS_EMBED_SWIFT_STANDARD_LIBRARIES = YES;
				BUNDLE_LOADER = "$(TEST_HOST)";
				CODE_SIGN_STYLE = Automatic;
				DEVELOPMENT_TEAM = QMWX3X2NF7;
				INFOPLIST_FILE = DaysTests/Info.plist;
				IPHONEOS_DEPLOYMENT_TARGET = 14.0;
				LD_RUNPATH_SEARCH_PATHS = (
					"$(inherited)",
					"@executable_path/Frameworks",
					"@loader_path/Frameworks",
				);
				PRODUCT_BUNDLE_IDENTIFIER = jiaqifeng.DaysTests;
				PRODUCT_NAME = "$(TARGET_NAME)";
				SWIFT_VERSION = 5.0;
				TARGETED_DEVICE_FAMILY = "1,2";
				TEST_HOST = "$(BUILT_PRODUCTS_DIR)/Days.app/Days";
			};
			name = Debug;
		};
		5E1C6596258C20C00066DAB7 /* Release */ = {
			isa = XCBuildConfiguration;
			buildSettings = {
				ALWAYS_EMBED_SWIFT_STANDARD_LIBRARIES = YES;
				BUNDLE_LOADER = "$(TEST_HOST)";
				CODE_SIGN_STYLE = Automatic;
				DEVELOPMENT_TEAM = QMWX3X2NF7;
				INFOPLIST_FILE = DaysTests/Info.plist;
				IPHONEOS_DEPLOYMENT_TARGET = 14.0;
				LD_RUNPATH_SEARCH_PATHS = (
					"$(inherited)",
					"@executable_path/Frameworks",
					"@loader_path/Frameworks",
				);
				PRODUCT_BUNDLE_IDENTIFIER = jiaqifeng.DaysTests;
				PRODUCT_NAME = "$(TARGET_NAME)";
				SWIFT_VERSION = 5.0;
				TARGETED_DEVICE_FAMILY = "1,2";
				TEST_HOST = "$(BUILT_PRODUCTS_DIR)/Days.app/Days";
			};
			name = Release;
		};
		5E1C6598258C20C00066DAB7 /* Debug */ = {
			isa = XCBuildConfiguration;
			buildSettings = {
				ALWAYS_EMBED_SWIFT_STANDARD_LIBRARIES = YES;
				CODE_SIGN_STYLE = Automatic;
				DEVELOPMENT_TEAM = QMWX3X2NF7;
				INFOPLIST_FILE = DaysUITests/Info.plist;
				LD_RUNPATH_SEARCH_PATHS = (
					"$(inherited)",
					"@executable_path/Frameworks",
					"@loader_path/Frameworks",
				);
				PRODUCT_BUNDLE_IDENTIFIER = jiaqifeng.DaysUITests;
				PRODUCT_NAME = "$(TARGET_NAME)";
				SWIFT_VERSION = 5.0;
				TARGETED_DEVICE_FAMILY = "1,2";
				TEST_TARGET_NAME = Days;
			};
			name = Debug;
		};
		5E1C6599258C20C00066DAB7 /* Release */ = {
			isa = XCBuildConfiguration;
			buildSettings = {
				ALWAYS_EMBED_SWIFT_STANDARD_LIBRARIES = YES;
				CODE_SIGN_STYLE = Automatic;
				DEVELOPMENT_TEAM = QMWX3X2NF7;
				INFOPLIST_FILE = DaysUITests/Info.plist;
				LD_RUNPATH_SEARCH_PATHS = (
					"$(inherited)",
					"@executable_path/Frameworks",
					"@loader_path/Frameworks",
				);
				PRODUCT_BUNDLE_IDENTIFIER = jiaqifeng.DaysUITests;
				PRODUCT_NAME = "$(TARGET_NAME)";
				SWIFT_VERSION = 5.0;
				TARGETED_DEVICE_FAMILY = "1,2";
				TEST_TARGET_NAME = Days;
			};
			name = Release;
		};
/* End XCBuildConfiguration section */

/* Begin XCConfigurationList section */
		5E1C6562258C20BE0066DAB7 /* Build configuration list for PBXProject "Days" */ = {
			isa = XCConfigurationList;
			buildConfigurations = (
				5E1C658F258C20C00066DAB7 /* Debug */,
				5E1C6590258C20C00066DAB7 /* Release */,
			);
			defaultConfigurationIsVisible = 0;
			defaultConfigurationName = Release;
		};
		5E1C6591258C20C00066DAB7 /* Build configuration list for PBXNativeTarget "Days" */ = {
			isa = XCConfigurationList;
			buildConfigurations = (
				5E1C6592258C20C00066DAB7 /* Debug */,
				5E1C6593258C20C00066DAB7 /* Release */,
			);
			defaultConfigurationIsVisible = 0;
			defaultConfigurationName = Release;
		};
		5E1C6594258C20C00066DAB7 /* Build configuration list for PBXNativeTarget "DaysTests" */ = {
			isa = XCConfigurationList;
			buildConfigurations = (
				5E1C6595258C20C00066DAB7 /* Debug */,
				5E1C6596258C20C00066DAB7 /* Release */,
			);
			defaultConfigurationIsVisible = 0;
			defaultConfigurationName = Release;
		};
		5E1C6597258C20C00066DAB7 /* Build configuration list for PBXNativeTarget "DaysUITests" */ = {
			isa = XCConfigurationList;
			buildConfigurations = (
				5E1C6598258C20C00066DAB7 /* Debug */,
				5E1C6599258C20C00066DAB7 /* Release */,
			);
			defaultConfigurationIsVisible = 0;
			defaultConfigurationName = Release;
		};
/* End XCConfigurationList section */

/* Begin XCVersionGroup section */
		5E1C6575258C20BF0066DAB7 /* Days.xcdatamodeld */ = {
			isa = XCVersionGroup;
			children = (
				5E1C6576258C20BF0066DAB7 /* Days.xcdatamodel */,
			);
			currentVersion = 5E1C6576258C20BF0066DAB7 /* Days.xcdatamodel */;
			path = Days.xcdatamodeld;
			sourceTree = "<group>";
			versionGroupType = wrapper.xcdatamodel;
		};
/* End XCVersionGroup section */
	};
	rootObject = 5E1C655F258C20BE0066DAB7 /* Project object */;
}
